
Microsoft Visual Studio Solution File, Format Version 12.00
# Visual Studio Version 16
VisualStudioVersion = 16.0.28803.156
MinimumVisualStudioVersion = 10.0.40219.1
Project("{FAE04EC0-301F-11D3-BF4B-00C04F79EFBC}") = "Enumerations", "src\Enumerations\Enumerations.csproj", "{FD7DADF0-C1C9-45A7-900B-3D2AED793F52}"
EndProject
Project("{FAE04EC0-301F-11D3-BF4B-00C04F79EFBC}") = "Enumerations.Test", "test\Enumerations.Test\Enumerations.Test.csproj", "{F74F663A-3F58-4A80-BDA2-7A4CA48570BE}"
EndProject
Global
	GlobalSection(SolutionConfigurationPlatforms) = preSolution
		Debug|Any CPU = Debug|Any CPU
		Release|Any CPU = Release|Any CPU
	EndGlobalSection
	GlobalSection(ProjectConfigurationPlatforms) = postSolution
		{FD7DADF0-C1C9-45A7-900B-3D2AED793F52}.Debug|Any CPU.ActiveCfg = Debug|Any CPU
		{FD7DADF0-C1C9-45A7-900B-3D2AED793F52}.Debug|Any CPU.Build.0 = Debug|Any CPU
		{FD7DADF0-C1C9-45A7-900B-3D2AED793F52}.Release|Any CPU.ActiveCfg = Release|Any CPU
		{FD7DADF0-C1C9-45A7-900B-3D2AED793F52}.Release|Any CPU.Build.0 = Release|Any CPU
		{F74F663A-3F58-4A80-BDA2-7A4CA48570BE}.Debug|Any CPU.ActiveCfg = Debug|Any CPU
		{F74F663A-3F58-4A80-BDA2-7A4CA48570BE}.Debug|Any CPU.Build.0 = Debug|Any CPU
		{F74F663A-3F58-4A80-BDA2-7A4CA48570BE}.Release|Any CPU.ActiveCfg = Release|Any CPU
		{F74F663A-3F58-4A80-BDA2-7A4CA48570BE}.Release|Any CPU.Build.0 = Release|Any CPU
	EndGlobalSection
	GlobalSection(SolutionProperties) = preSolution
		HideSolutionNode = FALSE
	EndGlobalSection
	GlobalSection(ExtensibilityGlobals) = postSolution
		SolutionGuid = {C31CAAA2-40EE-4E42-AE9E-5E36760AC086}
	EndGlobalSection
EndGlobal
